{
    "version": 3,
    "terraform_version": "0.9.11",
    "serial": 14,
    "lineage": "5e6c4f87-87d4-41f8-9398-4189008a65c9",
    "modules": [
        {
            "path": [
                "root"
            ],
            "outputs": {},
            "resources": {
                "aws_api_gateway_method.get_leaderboard": {
                    "type": "aws_api_gateway_method",
                    "depends_on": [
                        "aws_api_gateway_resource.get_leaderboard",
                        "aws_api_gateway_rest_api.4dots"
                    ],
                    "primary": {
                        "id": "agm-724xym4cak-shots0-GET",
                        "attributes": {
                            "api_key_required": "false",
                            "authorization": "NONE",
                            "authorizer_id": "",
                            "http_method": "GET",
                            "id": "agm-724xym4cak-shots0-GET",
                            "request_models.%": "0",
                            "request_parameters.%": "0",
                            "resource_id": "shots0",
                            "rest_api_id": "724xym4cak"
                        },
                        "meta": {},
                        "tainted": false
                    },
                    "deposed": [],
                    "provider": ""
                },
                "aws_api_gateway_resource.get_leaderboard": {
                    "type": "aws_api_gateway_resource",
                    "depends_on": [
                        "aws_api_gateway_rest_api.4dots"
                    ],
                    "primary": {
                        "id": "shots0",
                        "attributes": {
                            "id": "shots0",
                            "parent_id": "ukfd8il52f",
                            "path": "/leaderboard",
                            "path_part": "leaderboard",
                            "rest_api_id": "724xym4cak"
                        },
                        "meta": {},
                        "tainted": false
                    },
                    "deposed": [],
                    "provider": ""
                },
                "aws_api_gateway_rest_api.4dots": {
                    "type": "aws_api_gateway_rest_api",
                    "depends_on": [],
                    "primary": {
                        "id": "724xym4cak",
                        "attributes": {
                            "binary_media_types.#": "0",
                            "created_date": "2017-07-15T13:59:01Z",
                            "description": "Simple hapi.js serverless service",
                            "id": "724xym4cak",
                            "name": "4dots API",
                            "root_resource_id": "ukfd8il52f"
                        },
                        "meta": {},
                        "tainted": false
                    },
                    "deposed": [],
                    "provider": ""
                },
                "aws_ecs_cluster.4dots": {
                    "type": "aws_ecs_cluster",
                    "depends_on": [],
                    "primary": {
                        "id": "arn:aws:ecs:eu-west-2:247940857651:cluster/4dots",
                        "attributes": {
                            "id": "arn:aws:ecs:eu-west-2:247940857651:cluster/4dots",
                            "name": "4dots"
                        },
                        "meta": {},
                        "tainted": false
                    },
                    "deposed": [],
                    "provider": ""
                },
                "aws_ecs_service.mongo": {
                    "type": "aws_ecs_service",
                    "depends_on": [
                        "aws_ecs_cluster.4dots",
                        "aws_ecs_task_definition.mongo"
                    ],
                    "primary": {
                        "id": "arn:aws:ecs:eu-west-2:247940857651:service/mongo",
                        "attributes": {
                            "cluster": "arn:aws:ecs:eu-west-2:247940857651:cluster/4dots",
                            "deployment_maximum_percent": "200",
                            "deployment_minimum_healthy_percent": "100",
                            "desired_count": "1",
                            "id": "arn:aws:ecs:eu-west-2:247940857651:service/mongo",
                            "name": "mongo",
                            "placement_constraints.#": "0",
                            "placement_strategy.#": "0",
                            "task_definition": "mongodb:1"
                        },
                        "meta": {},
                        "tainted": false
                    },
                    "deposed": [],
                    "provider": ""
                },
                "aws_ecs_task_definition.mongo": {
                    "type": "aws_ecs_task_definition",
                    "depends_on": [],
                    "primary": {
                        "id": "mongodb",
                        "attributes": {
                            "arn": "arn:aws:ecs:eu-west-2:247940857651:task-definition/mongodb:1",
                            "container_definitions": "8c806d8b7931daaeaf7d312dd471f8f7f2f73f1f",
                            "family": "mongodb",
                            "id": "mongodb",
                            "network_mode": "",
                            "placement_constraints.#": "0",
                            "revision": "1",
                            "task_role_arn": ""
                        },
                        "meta": {},
                        "tainted": false
                    },
                    "deposed": [],
                    "provider": ""
                },
                "aws_iam_instance_profile.4dots_ecs_instance": {
                    "type": "aws_iam_instance_profile",
                    "depends_on": [
                        "aws_iam_role.4dots_ecs_instance"
                    ],
                    "primary": {
                        "id": "4dots_ecs_instance",
                        "attributes": {
                            "arn": "arn:aws:iam::247940857651:instance-profile/4dots_ecs_instance",
                            "id": "4dots_ecs_instance",
                            "name": "4dots_ecs_instance",
                            "path": "/",
                            "role": "4dots_ecs_instance",
                            "roles.#": "1",
                            "roles.1921292448": "4dots_ecs_instance",
                            "unique_id": "AIPAJZPVW6PFNXRPVLIDC"
                        },
                        "meta": {},
                        "tainted": false
                    },
                    "deposed": [],
                    "provider": ""
                },
                "aws_iam_role.4dots_ecs_instance": {
                    "type": "aws_iam_role",
                    "depends_on": [],
                    "primary": {
                        "id": "4dots_ecs_instance",
                        "attributes": {
                            "arn": "arn:aws:iam::247940857651:role/4dots_ecs_instance",
                            "assume_role_policy": "{\"Version\":\"2012-10-17\",\"Statement\":[{\"Sid\":\"\",\"Effect\":\"Allow\",\"Principal\":{\"Service\":\"ec2.amazonaws.com\"},\"Action\":\"sts:AssumeRole\"}]}",
                            "create_date": "2017-07-15T16:47:20Z",
                            "id": "4dots_ecs_instance",
                            "name": "4dots_ecs_instance",
                            "path": "/",
                            "unique_id": "AROAJBOV4V5QDI2TR5HPG"
                        },
                        "meta": {},
                        "tainted": false
                    },
                    "deposed": [],
                    "provider": ""
                },
                "aws_iam_role_policy_attachment.4dots_ecs_instance_policy": {
                    "type": "aws_iam_role_policy_attachment",
                    "depends_on": [
                        "aws_iam_role.4dots_ecs_instance"
                    ],
                    "primary": {
                        "id": "4dots_ecs_instance-00207c0ec6f40073e049bc2959",
                        "attributes": {
                            "id": "4dots_ecs_instance-00207c0ec6f40073e049bc2959",
                            "policy_arn": "arn:aws:iam::aws:policy/service-role/AmazonEC2ContainerServiceforEC2Role",
                            "role": "4dots_ecs_instance"
                        },
                        "meta": {},
                        "tainted": false
                    },
                    "deposed": [],
                    "provider": ""
                },
                "aws_instance.4dots_1": {
                    "type": "aws_instance",
                    "depends_on": [
                        "aws_iam_instance_profile.4dots_ecs_instance",
                        "aws_internet_gateway.4dots_gw",
                        "aws_key_pair.4dots_james",
                        "aws_network_interface.4dots_1",
                        "data.aws_ami.ecs",
                        "data.template_file.ecs_user_data"
                    ],
                    "primary": {
                        "id": "i-015d3cf423f653d24",
                        "attributes": {
                            "ami": "ami-ff15039b",
                            "associate_public_ip_address": "true",
                            "availability_zone": "eu-west-2a",
                            "disable_api_termination": "false",
                            "ebs_block_device.#": "1",
                            "ebs_block_device.504524833.delete_on_termination": "true",
                            "ebs_block_device.504524833.device_name": "/dev/xvdcz",
                            "ebs_block_device.504524833.encrypted": "false",
                            "ebs_block_device.504524833.iops": "100",
                            "ebs_block_device.504524833.snapshot_id": "",
                            "ebs_block_device.504524833.volume_size": "22",
                            "ebs_block_device.504524833.volume_type": "gp2",
                            "ebs_optimized": "false",
                            "ephemeral_block_device.#": "0",
                            "iam_instance_profile": "4dots_ecs_instance",
                            "id": "i-015d3cf423f653d24",
                            "instance_state": "running",
                            "instance_type": "t2.micro",
                            "ipv6_addresses.#": "0",
                            "key_name": "4dots_james",
                            "monitoring": "true",
                            "network_interface.#": "1",
                            "network_interface.3503460337.delete_on_termination": "false",
                            "network_interface.3503460337.device_index": "0",
                            "network_interface.3503460337.network_interface_id": "eni-fee15b84",
                            "network_interface_id": "eni-fee15b84",
                            "primary_network_interface_id": "eni-fee15b84",
                            "private_dns": "ip-10-0-16-5.eu-west-2.compute.internal",
                            "private_ip": "10.0.16.5",
                            "public_dns": "ec2-35-176-220-186.eu-west-2.compute.amazonaws.com",
                            "public_ip": "35.176.220.186",
                            "root_block_device.#": "1",
                            "root_block_device.0.delete_on_termination": "true",
                            "root_block_device.0.iops": "100",
                            "root_block_device.0.volume_size": "8",
                            "root_block_device.0.volume_type": "gp2",
                            "security_groups.#": "0",
                            "source_dest_check": "true",
                            "subnet_id": "subnet-646ad41f",
                            "tags.%": "1",
                            "tags.Name": "4dots",
                            "tenancy": "default",
                            "user_data": "c8511e4a8402c18a19d3c236ee7258f05f66c38c",
                            "volume_tags.%": "0",
                            "vpc_security_group_ids.#": "1",
                            "vpc_security_group_ids.2484302987": "sg-6c581105"
                        },
                        "meta": {
                            "e2bfb730-ecaa-11e6-8f88-34363bc7c4c0": {
                                "create": 600000000000,
                                "delete": 600000000000,
                                "update": 600000000000
                            },
                            "schema_version": "1"
                        },
                        "tainted": false
                    },
                    "deposed": [],
                    "provider": ""
                },
                "aws_internet_gateway.4dots_gw": {
                    "type": "aws_internet_gateway",
                    "depends_on": [
                        "aws_vpc.4dots"
                    ],
                    "primary": {
                        "id": "igw-0068c069",
                        "attributes": {
                            "id": "igw-0068c069",
                            "tags.%": "1",
                            "tags.Name": "4dots",
                            "vpc_id": "vpc-0ae76f63"
                        },
                        "meta": {},
                        "tainted": false
                    },
                    "deposed": [],
                    "provider": ""
                },
                "aws_key_pair.4dots_james": {
                    "type": "aws_key_pair",
                    "depends_on": [],
                    "primary": {
                        "id": "4dots_james",
                        "attributes": {
                            "fingerprint": "3e:23:22:a6:7e:5a:f5:78:e6:66:94:c5:93:65:0f:a7",
                            "id": "4dots_james",
                            "key_name": "4dots_james",
                            "public_key": "ssh-rsa AAAAB3NzaC1yc2EAAAADAQABAAABAQCehuOhq1ZrHGoO4UwpG2IdIUPMbhZEW5wmh1QD5/ElAPTcj2Ony0nwB76AVxtUzmAGGoA/iiy7p3FCZwX7UYte9Bfv3sNOSgnhUO0zxhd6P4sdqzOVpJqvtaHdpaJ0KOGe2tttXikq6Ct2mwkeuMHZzlyRzIebep+soxgp8LtxMmgiSCSHdkdd2aeSNIzvgqsMe7UL7kZAq6jTqUQudU06gZx+Gw0NisZDt1xzPFINvNsI2BSdoewiTVsLIMSjudMrzapXgeHn5iIJtqJL33RIT4uATxp675J0rYAa6yE7/cFx7un6QL2f18rgKdSwkEoXlKiC/TFVKC22IXa1tzAT james@jsj-box.int.jsherz.com"
                        },
                        "meta": {
                            "schema_version": "1"
                        },
                        "tainted": false
                    },
                    "deposed": [],
                    "provider": ""
                },
                "aws_network_interface.4dots_1": {
                    "type": "aws_network_interface",
                    "depends_on": [
                        "aws_subnet.4dots_primary"
                    ],
                    "primary": {
                        "id": "eni-fee15b84",
                        "attributes": {
                            "attachment.#": "1",
                            "attachment.3439684402.attachment_id": "eni-attach-96d667f6",
                            "attachment.3439684402.device_index": "0",
                            "attachment.3439684402.instance": "i-015d3cf423f653d24",
                            "description": "",
                            "id": "eni-fee15b84",
                            "private_ip": "10.0.16.5",
                            "private_ips.#": "1",
                            "private_ips.2319617186": "10.0.16.5",
                            "security_groups.#": "1",
                            "security_groups.2484302987": "sg-6c581105",
                            "source_dest_check": "true",
                            "subnet_id": "subnet-646ad41f",
                            "tags.%": "0"
                        },
                        "meta": {},
                        "tainted": false
                    },
                    "deposed": [],
                    "provider": ""
                },
                "aws_route_table.4dots": {
                    "type": "aws_route_table",
                    "depends_on": [
                        "aws_internet_gateway.4dots_gw",
                        "aws_vpc.4dots"
                    ],
                    "primary": {
                        "id": "rtb-7065f919",
                        "attributes": {
                            "id": "rtb-7065f919",
                            "propagating_vgws.#": "0",
                            "route.#": "1",
                            "route.901476662.cidr_block": "0.0.0.0/0",
                            "route.901476662.egress_only_gateway_id": "",
                            "route.901476662.gateway_id": "igw-0068c069",
                            "route.901476662.instance_id": "",
                            "route.901476662.ipv6_cidr_block": "",
                            "route.901476662.nat_gateway_id": "",
                            "route.901476662.network_interface_id": "",
                            "route.901476662.vpc_peering_connection_id": "",
                            "tags.%": "1",
                            "tags.Name": "4dots",
                            "vpc_id": "vpc-0ae76f63"
                        },
                        "meta": {},
                        "tainted": false
                    },
                    "deposed": [],
                    "provider": ""
                },
                "aws_route_table_association.4dots_primary": {
                    "type": "aws_route_table_association",
                    "depends_on": [
                        "aws_route_table.4dots",
                        "aws_subnet.4dots_primary"
                    ],
                    "primary": {
                        "id": "rtbassoc-8c5d2de5",
                        "attributes": {
                            "id": "rtbassoc-8c5d2de5",
                            "route_table_id": "rtb-7065f919",
                            "subnet_id": "subnet-646ad41f"
                        },
                        "meta": {},
                        "tainted": false
                    },
                    "deposed": [],
                    "provider": ""
                },
                "aws_route_table_association.4dots_secondary": {
                    "type": "aws_route_table_association",
                    "depends_on": [
                        "aws_route_table.4dots",
                        "aws_subnet.4dots_secondary"
                    ],
                    "primary": {
                        "id": "rtbassoc-485d2d21",
                        "attributes": {
                            "id": "rtbassoc-485d2d21",
                            "route_table_id": "rtb-7065f919",
                            "subnet_id": "subnet-4c835401"
                        },
                        "meta": {},
                        "tainted": false
                    },
                    "deposed": [],
                    "provider": ""
                },
                "aws_subnet.4dots_primary": {
                    "type": "aws_subnet",
                    "depends_on": [
                        "aws_vpc.4dots"
                    ],
                    "primary": {
                        "id": "subnet-646ad41f",
                        "attributes": {
                            "assign_ipv6_address_on_creation": "false",
                            "availability_zone": "eu-west-2a",
                            "cidr_block": "10.0.16.0/20",
                            "id": "subnet-646ad41f",
                            "map_public_ip_on_launch": "false",
                            "tags.%": "1",
                            "tags.Name": "4dots - primary",
                            "vpc_id": "vpc-0ae76f63"
                        },
                        "meta": {
                            "schema_version": "1"
                        },
                        "tainted": false
                    },
                    "deposed": [],
                    "provider": ""
                },
                "aws_subnet.4dots_secondary": {
                    "type": "aws_subnet",
                    "depends_on": [
                        "aws_vpc.4dots"
                    ],
                    "primary": {
                        "id": "subnet-4c835401",
                        "attributes": {
                            "assign_ipv6_address_on_creation": "false",
                            "availability_zone": "eu-west-2b",
                            "cidr_block": "10.0.32.0/20",
                            "id": "subnet-4c835401",
                            "map_public_ip_on_launch": "false",
                            "tags.%": "1",
                            "tags.Name": "4dots - secondary",
                            "vpc_id": "vpc-0ae76f63"
                        },
                        "meta": {
                            "schema_version": "1"
                        },
                        "tainted": false
                    },
                    "deposed": [],
                    "provider": ""
                },
                "aws_vpc.4dots": {
                    "type": "aws_vpc",
                    "depends_on": [],
                    "primary": {
                        "id": "vpc-0ae76f63",
                        "attributes": {
                            "assign_generated_ipv6_cidr_block": "false",
                            "cidr_block": "10.0.0.0/16",
                            "default_network_acl_id": "acl-3673e35f",
                            "default_route_table_id": "rtb-576ef23e",
                            "default_security_group_id": "sg-6c581105",
                            "dhcp_options_id": "dopt-6d629904",
                            "enable_dns_hostnames": "true",
                            "enable_dns_support": "true",
                            "id": "vpc-0ae76f63",
                            "instance_tenancy": "default",
                            "main_route_table_id": "rtb-576ef23e",
                            "tags.%": "1",
                            "tags.Name": "4dots"
                        },
                        "meta": {
                            "schema_version": "1"
                        },
                        "tainted": false
                    },
                    "deposed": [],
                    "provider": ""
                },
                "data.aws_ami.ecs": {
                    "type": "aws_ami",
                    "depends_on": [],
                    "primary": {
                        "id": "ami-ff15039b",
                        "attributes": {
                            "architecture": "x86_64",
                            "block_device_mappings.#": "2",
                            "block_device_mappings.2538004115.device_name": "/dev/xvdcz",
                            "block_device_mappings.2538004115.ebs.%": "5",
                            "block_device_mappings.2538004115.ebs.delete_on_termination": "true",
                            "block_device_mappings.2538004115.ebs.encrypted": "false",
                            "block_device_mappings.2538004115.ebs.iops": "0",
                            "block_device_mappings.2538004115.ebs.volume_size": "22",
                            "block_device_mappings.2538004115.ebs.volume_type": "gp2",
                            "block_device_mappings.2538004115.no_device": "",
                            "block_device_mappings.2538004115.virtual_name": "",
                            "block_device_mappings.340275815.device_name": "/dev/xvda",
                            "block_device_mappings.340275815.ebs.%": "6",
                            "block_device_mappings.340275815.ebs.delete_on_termination": "true",
                            "block_device_mappings.340275815.ebs.encrypted": "false",
                            "block_device_mappings.340275815.ebs.iops": "0",
                            "block_device_mappings.340275815.ebs.snapshot_id": "snap-03798fceb166952d0",
                            "block_device_mappings.340275815.ebs.volume_size": "8",
                            "block_device_mappings.340275815.ebs.volume_type": "gp2",
                            "block_device_mappings.340275815.no_device": "",
                            "block_device_mappings.340275815.virtual_name": "",
                            "creation_date": "2017-06-23T16:45:09.000Z",
                            "description": "Amazon Linux AMI 2017.03.d x86_64 ECS HVM GP2",
                            "filter.#": "3",
                            "filter.1206429088.name": "name",
                            "filter.1206429088.values.#": "1",
                            "filter.1206429088.values.0": "*amazon-ecs-optimized",
                            "filter.490168357.name": "virtualization-type",
                            "filter.490168357.values.#": "1",
                            "filter.490168357.values.0": "hvm",
                            "filter.574890044.name": "owner-alias",
                            "filter.574890044.values.#": "1",
                            "filter.574890044.values.0": "amazon",
                            "hypervisor": "xen",
                            "id": "ami-ff15039b",
                            "image_id": "ami-ff15039b",
                            "image_location": "amazon/amzn-ami-2017.03.d-amazon-ecs-optimized",
                            "image_owner_alias": "amazon",
                            "image_type": "machine",
                            "most_recent": "true",
                            "name": "amzn-ami-2017.03.d-amazon-ecs-optimized",
                            "owner_id": "591542846629",
                            "product_codes.#": "0",
                            "public": "true",
                            "root_device_name": "/dev/xvda",
                            "root_device_type": "ebs",
                            "sriov_net_support": "simple",
                            "state": "available",
                            "state_reason.%": "2",
                            "state_reason.code": "UNSET",
                            "state_reason.message": "UNSET",
                            "tags.#": "0",
                            "virtualization_type": "hvm"
                        },
                        "meta": {},
                        "tainted": false
                    },
                    "deposed": [],
                    "provider": ""
                },
                "data.template_file.ecs_user_data": {
                    "type": "template_file",
                    "depends_on": [
                        "aws_ecs_cluster.4dots"
                    ],
                    "primary": {
                        "id": "02448c4699d11021ff670178e81d308fe0d6b143aba4fc601d3272aab0d1067b",
                        "attributes": {
                            "id": "02448c4699d11021ff670178e81d308fe0d6b143aba4fc601d3272aab0d1067b",
                            "rendered": "#!/bin/bash\necho ECS_CLUSTER=4dots \u003e\u003e /etc/ecs/ecs.config\n",
                            "template": "#!/bin/bash\necho ECS_CLUSTER=${cluster} \u003e\u003e /etc/ecs/ecs.config\n",
                            "vars.%": "1",
                            "vars.cluster": "4dots"
                        },
                        "meta": {},
                        "tainted": false
                    },
                    "deposed": [],
                    "provider": ""
                }
            },
            "depends_on": []
        }
    ]
}
